<?xml version="1.0" encoding="utf-8"?>
<Project ToolsVersion="4.0" xmlns="http://schemas.microsoft.com/developer/msbuild/2003">
  <ItemGroup>
    <Filter Include="src">
      <UniqueIdentifier>{5c074378-e99a-4a99-97de-1be2469e99a2}</UniqueIdentifier>
    </Filter>
    <Filter Include="src\util">
      <UniqueIdentifier>{485e2aec-8a90-4aec-97f4-af6fc2f2259a}</UniqueIdentifier>
    </Filter>
  </ItemGroup>
  <ItemGroup>
    <ClInclude Include="src\util\common.hpp">
      <Filter>src\util</Filter>
    </ClInclude>
    <ClInclude Include="src\util\io.hpp">
      <Filter>src\util</Filter>
    </ClInclude>
    <ClInclude Include="src\debug.hpp">
      <Filter>src</Filter>
    </ClInclude>
    <ClInclude Include="src\gamepatch.hpp">
      <Filter>src</Filter>
    </ClInclude>
    <ClInclude Include="src\main.hpp">
      <Filter>src</Filter>
    </ClInclude>
    <ClInclude Include="src\settings.hpp">
      <Filter>src</Filter>
    </ClInclude>
  </ItemGroup>
  <ItemGroup>
    <ClCompile Include="src\util\io.cpp">
      <Filter>src\util</Filter>
    </ClCompile>
    <ClCompile Include="src\debug.cpp">
      <Filter>src</Filter>
    </ClCompile>
    <ClCompile Include="src\gamepatch.cpp">
      <Filter>src</Filter>
    </ClCompile>
    <ClCompile Include="src\main.cpp">
      <Filter>src</Filter>
    </ClCompile>
    <ClCompile Include="src\settings.cpp">
      <Filter>src</Filter>
    </ClCompile>
  </ItemGroup>
  <ItemGroup>
    <None Include=".gitignore" />
    <None Include="LICENSE" />
    <None Include="README.md" />
  </ItemGroup>
</Project>